
Microsoft Visual Studio Solution File, Format Version 12.00
# Visual Studio Version 16
VisualStudioVersion = 16.0.30804.86
MinimumVisualStudioVersion = 10.0.40219.1
Project("{FAE04EC0-301F-11D3-BF4B-00C04F79EFBC}") = "Back", "Back\Back.csproj", "{0F7CCC03-33F7-4EDE-A985-F096315FD737}"
EndProject
Global
	GlobalSection(SolutionConfigurationPlatforms) = preSolution
		Debug|Any CPU = Debug|Any CPU
		Release|Any CPU = Release|Any CPU
	EndGlobalSection
	GlobalSection(ProjectConfigurationPlatforms) = postSolution
		{0F7CCC03-33F7-4EDE-A985-F096315FD737}.Debug|Any CPU.ActiveCfg = Debug|Any CPU
		{0F7CCC03-33F7-4EDE-A985-F096315FD737}.Debug|Any CPU.Build.0 = Debug|Any CPU
		{0F7CCC03-33F7-4EDE-A985-F096315FD737}.Release|Any CPU.ActiveCfg = Release|Any CPU
		{0F7CCC03-33F7-4EDE-A985-F096315FD737}.Release|Any CPU.Build.0 = Release|Any CPU
	EndGlobalSection
	GlobalSection(SolutionProperties) = preSolution
		HideSolutionNode = FALSE
	EndGlobalSection
	GlobalSection(ExtensibilityGlobals) = postSolution
		SolutionGuid = {A3960E28-C42C-42A9-96CE-0B68F0F12FE1}
	EndGlobalSection
EndGlobal
